
Microsoft Visual Studio Solution File, Format Version 12.00
# Visual Studio Version 17
VisualStudioVersion = 17.8.34330.188
MinimumVisualStudioVersion = 10.0.40219.1
Project("{2150E333-8FDC-42A3-9474-1A3956D46DE8}") = "Core", "Core", "{49FD2FA7-AFDF-436F-B654-9532B9E52B67}"
EndProject
Project("{FAE04EC0-301F-11D3-BF4B-00C04F79EFBC}") = "Domain", "Domain\Domain.csproj", "{378ACE92-8642-46A9-97CB-41D91403A55B}"
EndProject
Project("{FAE04EC0-301F-11D3-BF4B-00C04F79EFBC}") = "Application", "Aplication\Application.csproj", "{26F8EE20-084D-4ABD-AFE8-C6C24E8299CD}"
EndProject
Project("{2150E333-8FDC-42A3-9474-1A3956D46DE8}") = "Extentional", "Extentional", "{0F1AD49F-8BA5-40D4-84E6-BE3695438468}"
EndProject
Project("{FAE04EC0-301F-11D3-BF4B-00C04F79EFBC}") = "Persistance", "Persistance\Persistance.csproj", "{C4407607-FC52-4BD7-A792-A3A130D8D4EA}"
EndProject
Project("{FAE04EC0-301F-11D3-BF4B-00C04F79EFBC}") = "WebAPI", "WebAPI\WebAPI.csproj", "{A1ABF423-7015-491A-9CD1-3EDC1F8DB5C5}"
EndProject
Global
	GlobalSection(SolutionConfigurationPlatforms) = preSolution
		Debug|Any CPU = Debug|Any CPU
		Release|Any CPU = Release|Any CPU
	EndGlobalSection
	GlobalSection(ProjectConfigurationPlatforms) = postSolution
		{378ACE92-8642-46A9-97CB-41D91403A55B}.Debug|Any CPU.ActiveCfg = Debug|Any CPU
		{378ACE92-8642-46A9-97CB-41D91403A55B}.Debug|Any CPU.Build.0 = Debug|Any CPU
		{378ACE92-8642-46A9-97CB-41D91403A55B}.Release|Any CPU.ActiveCfg = Release|Any CPU
		{378ACE92-8642-46A9-97CB-41D91403A55B}.Release|Any CPU.Build.0 = Release|Any CPU
		{26F8EE20-084D-4ABD-AFE8-C6C24E8299CD}.Debug|Any CPU.ActiveCfg = Debug|Any CPU
		{26F8EE20-084D-4ABD-AFE8-C6C24E8299CD}.Debug|Any CPU.Build.0 = Debug|Any CPU
		{26F8EE20-084D-4ABD-AFE8-C6C24E8299CD}.Release|Any CPU.ActiveCfg = Release|Any CPU
		{26F8EE20-084D-4ABD-AFE8-C6C24E8299CD}.Release|Any CPU.Build.0 = Release|Any CPU
		{C4407607-FC52-4BD7-A792-A3A130D8D4EA}.Debug|Any CPU.ActiveCfg = Debug|Any CPU
		{C4407607-FC52-4BD7-A792-A3A130D8D4EA}.Debug|Any CPU.Build.0 = Debug|Any CPU
		{C4407607-FC52-4BD7-A792-A3A130D8D4EA}.Release|Any CPU.ActiveCfg = Release|Any CPU
		{C4407607-FC52-4BD7-A792-A3A130D8D4EA}.Release|Any CPU.Build.0 = Release|Any CPU
		{A1ABF423-7015-491A-9CD1-3EDC1F8DB5C5}.Debug|Any CPU.ActiveCfg = Debug|Any CPU
		{A1ABF423-7015-491A-9CD1-3EDC1F8DB5C5}.Debug|Any CPU.Build.0 = Debug|Any CPU
		{A1ABF423-7015-491A-9CD1-3EDC1F8DB5C5}.Release|Any CPU.ActiveCfg = Release|Any CPU
		{A1ABF423-7015-491A-9CD1-3EDC1F8DB5C5}.Release|Any CPU.Build.0 = Release|Any CPU
	EndGlobalSection
	GlobalSection(SolutionProperties) = preSolution
		HideSolutionNode = FALSE
	EndGlobalSection
	GlobalSection(NestedProjects) = preSolution
		{378ACE92-8642-46A9-97CB-41D91403A55B} = {49FD2FA7-AFDF-436F-B654-9532B9E52B67}
		{26F8EE20-084D-4ABD-AFE8-C6C24E8299CD} = {49FD2FA7-AFDF-436F-B654-9532B9E52B67}
		{C4407607-FC52-4BD7-A792-A3A130D8D4EA} = {0F1AD49F-8BA5-40D4-84E6-BE3695438468}
		{A1ABF423-7015-491A-9CD1-3EDC1F8DB5C5} = {0F1AD49F-8BA5-40D4-84E6-BE3695438468}
	EndGlobalSection
	GlobalSection(ExtensibilityGlobals) = postSolution
		SolutionGuid = {FA3632B8-5A35-4C7F-BF35-B2846E3DCC0B}
	EndGlobalSection
EndGlobal
